# This file is automatically @generated by Cargo.
# It is not intended for manual editing.
[[package]]
name = "aho-corasick"
version = "0.7.6"
source = "registry+https://github.com/rust-lang/crates.io-index"
checksum = "58fb5e95d83b38284460a5fda7d6470aa0b8844d283a0b614b8535e880800d2d"
dependencies = [
 "memchr",
]

[[package]]
name = "backtrace"
version = "0.3.35"
source = "registry+https://github.com/rust-lang/crates.io-index"
checksum = "1371048253fa3bac6704bfd6bbfc922ee9bdcee8881330d40f308b81cc5adc55"
dependencies = [
 "backtrace-sys",
 "cfg-if",
 "libc",
 "rustc-demangle",
]

[[package]]
name = "backtrace-sys"
version = "0.1.31"
source = "registry+https://github.com/rust-lang/crates.io-index"
checksum = "82a830b4ef2d1124a711c71d263c5abdc710ef8e907bd508c88be475cebc422b"
dependencies = [
 "cc",
 "libc",
]

[[package]]
name = "byteorder"
version = "1.3.2"
source = "registry+https://github.com/rust-lang/crates.io-index"
checksum = "a7c3dd8985a7111efc5c80b44e23ecdd8c007de8ade3b96595387e812b957cf5"

[[package]]
name = "cc"
version = "1.0.41"
source = "registry+https://github.com/rust-lang/crates.io-index"
checksum = "8dae9c4b8fedcae85592ba623c4fd08cfdab3e3b72d6df780c6ead964a69bfff"

[[package]]
name = "cfg-if"
version = "0.1.9"
source = "registry+https://github.com/rust-lang/crates.io-index"
checksum = "b486ce3ccf7ffd79fdeb678eac06a9e6c09fc88d33836340becb8fffe87c5e33"

[[package]]
name = "crunchy"
version = "0.2.2"
source = "registry+https://github.com/rust-lang/crates.io-index"
checksum = "7a81dae078cea95a014a339291cec439d2f232ebe854a9d672b796c6afafa9b7"

[[package]]
name = "docopt"
version = "1.1.0"
source = "registry+https://github.com/rust-lang/crates.io-index"
checksum = "7f525a586d310c87df72ebcd98009e57f1cc030c8c268305287a476beb653969"
dependencies = [
 "lazy_static",
 "regex",
 "serde 1.0.99",
 "strsim",
]

[[package]]
name = "error-chain"
version = "0.12.0"
source = "git+https://github.com/enigmampc/error-chain.git?rev=0.12.0-sgx-1.1.0#94292dc8f86d058748745313066bb08d62670459"
dependencies = [
 "backtrace",
 "sgx_tstd",
]

[[package]]
name = "error-chain"
version = "0.12.1"
source = "registry+https://github.com/rust-lang/crates.io-index"
checksum = "3ab49e9dcb602294bc42f9a7dfc9bc6e936fca4418ea300dbfb84fe16de0b7d9"
dependencies = [
 "backtrace",
 "version_check",
]

[[package]]
name = "ethabi"
version = "8.0.1"
dependencies = [
 "error-chain 0.12.0",
 "ethereum-types",
 "hex-literal",
 "paste",
 "rustc-hex 2.0.1 (git+https://github.com/enigmampc/rustc-hex.git?rev=2.0.1-sgx-1.1.0)",
 "serde 1.0.104",
 "serde_json",
 "sgx_tstd",
 "tiny-keccak",
]

[[package]]
name = "ethabi-cli"
version = "8.0.0"
dependencies = [
 "docopt",
 "error-chain 0.12.1",
 "ethabi",
 "rustc-hex 2.0.1 (registry+https://github.com/rust-lang/crates.io-index)",
 "serde 1.0.99",
 "serde_derive 1.0.99",
 "tiny-keccak",
]

[[package]]
name = "ethabi-contract"
version = "8.0.1"

[[package]]
name = "ethabi-derive"
version = "8.0.0"
dependencies = [
 "ethabi",
 "heck",
 "proc-macro2 0.4.30",
 "quote 0.6.13",
 "syn 0.15.44",
]

[[package]]
name = "ethabi-tests"
version = "0.1.1"
dependencies = [
 "ethabi",
 "ethabi-contract",
 "ethabi-derive",
 "hex-literal",
 "rustc-hex 2.0.1 (registry+https://github.com/rust-lang/crates.io-index)",
]

[[package]]
name = "ethbloom"
version = "0.7.0"
source = "git+https://github.com/enigmampc/parity-common.git?rev=0.7.0-sgx-1.1.0#fedb665854fd30ca6852cef2345d116adcc5d810"
dependencies = [
 "crunchy",
 "fixed-hash",
 "impl-rlp",
 "tiny-keccak",
]

[[package]]
name = "ethereum-types"
version = "0.7.0"
source = "git+https://github.com/enigmampc/parity-common.git?rev=0.7.0-sgx-1.1.0#fedb665854fd30ca6852cef2345d116adcc5d810"
dependencies = [
 "ethbloom",
 "fixed-hash",
 "impl-rlp",
 "primitive-types",
 "uint",
]

[[package]]
name = "fixed-hash"
version = "0.4.0"
source = "git+https://github.com/enigmampc/parity-common.git?rev=0.7.0-sgx-1.1.0#fedb665854fd30ca6852cef2345d116adcc5d810"
dependencies = [
 "byteorder",
 "rustc-hex 2.0.1 (registry+https://github.com/rust-lang/crates.io-index)",
 "static_assertions",
]

[[package]]
name = "heck"
version = "0.3.1"
source = "registry+https://github.com/rust-lang/crates.io-index"
checksum = "20564e78d53d2bb135c343b3f47714a56af2061f1c928fdb541dc7b9fdd94205"
dependencies = [
 "unicode-segmentation",
]

[[package]]
name = "hex-literal"
version = "0.2.1"
source = "registry+https://github.com/rust-lang/crates.io-index"
checksum = "961de220ec9a91af2e1e5bd80d02109155695e516771762381ef8581317066e0"
dependencies = [
 "hex-literal-impl",
 "proc-macro-hack",
]

[[package]]
name = "hex-literal-impl"
version = "0.2.1"
source = "registry+https://github.com/rust-lang/crates.io-index"
checksum = "9d4c5c844e2fee0bf673d54c2c177f1713b3d2af2ff6e666b49cb7572e6cf42d"
dependencies = [
 "proc-macro-hack",
]

[[package]]
name = "impl-rlp"
version = "0.2.0"
source = "git+https://github.com/enigmampc/parity-common.git?rev=0.7.0-sgx-1.1.0#fedb665854fd30ca6852cef2345d116adcc5d810"
dependencies = [
 "rlp",
]

[[package]]
name = "itoa"
version = "0.4.4"
source = "git+https://github.com/mesalock-linux/itoa-sgx.git?rev=sgx_1.1.0#e35b45000adf57e592ccd66273b607fcec998258"
dependencies = [
 "sgx_tstd",
]

[[package]]
name = "lazy_static"
version = "1.4.0"
source = "registry+https://github.com/rust-lang/crates.io-index"
checksum = "e2abad23fbc42b3700f2f279844dc832adb2b2eb069b2df918f455c4e18cc646"

[[package]]
name = "libc"
version = "0.2.62"
source = "registry+https://github.com/rust-lang/crates.io-index"
checksum = "34fcd2c08d2f832f376f4173a231990fa5aef4e99fb569867318a227ef4c06ba"

[[package]]
name = "memchr"
version = "2.2.1"
source = "registry+https://github.com/rust-lang/crates.io-index"
checksum = "88579771288728879b57485cc7d6b07d648c9f0141eb955f8ab7f9d45394468e"

[[package]]
name = "paste"
version = "0.1.6"
source = "registry+https://github.com/rust-lang/crates.io-index"
checksum = "423a519e1c6e828f1e73b720f9d9ed2fa643dce8a7737fb43235ce0b41eeaa49"
dependencies = [
 "paste-impl",
 "proc-macro-hack",
]

[[package]]
name = "paste-impl"
version = "0.1.6"
source = "registry+https://github.com/rust-lang/crates.io-index"
checksum = "4214c9e912ef61bf42b81ba9a47e8aad1b2ffaf739ab162bf96d1e011f54e6c5"
dependencies = [
 "proc-macro-hack",
 "proc-macro2 1.0.2",
 "quote 1.0.2",
 "syn 1.0.5",
]

[[package]]
name = "primitive-types"
version = "0.5.1"
source = "git+https://github.com/enigmampc/parity-common.git?rev=0.7.0-sgx-1.1.0#fedb665854fd30ca6852cef2345d116adcc5d810"
dependencies = [
 "fixed-hash",
 "impl-rlp",
 "uint",
]

[[package]]
name = "proc-macro-hack"
version = "0.5.9"
source = "registry+https://github.com/rust-lang/crates.io-index"
checksum = "e688f31d92ffd7c1ddc57a1b4e6d773c0f2a14ee437a4b0a4f5a69c80eb221c8"
dependencies = [
 "proc-macro2 1.0.2",
 "quote 1.0.2",
 "syn 1.0.5",
]

[[package]]
name = "proc-macro2"
version = "0.4.30"
source = "registry+https://github.com/rust-lang/crates.io-index"
checksum = "cf3d2011ab5c909338f7887f4fc896d35932e29146c12c8d01da6b22a80ba759"
dependencies = [
 "unicode-xid 0.1.0",
]

[[package]]
name = "proc-macro2"
version = "1.0.2"
source = "registry+https://github.com/rust-lang/crates.io-index"
checksum = "175a40b9cf564ce9bf050654633dbf339978706b8ead1a907bb970b63185dd95"
dependencies = [
 "unicode-xid 0.2.0",
]

[[package]]
name = "quote"
version = "0.6.13"
source = "registry+https://github.com/rust-lang/crates.io-index"
checksum = "6ce23b6b870e8f94f81fb0a363d65d86675884b34a09043c81e5562f11c1f8e1"
dependencies = [
 "proc-macro2 0.4.30",
]

[[package]]
name = "quote"
version = "1.0.2"
source = "registry+https://github.com/rust-lang/crates.io-index"
checksum = "053a8c8bcc71fcce321828dc897a98ab9760bef03a4fc36693c231e5b3216cfe"
dependencies = [
 "proc-macro2 1.0.2",
]

[[package]]
name = "regex"
version = "1.2.1"
source = "registry+https://github.com/rust-lang/crates.io-index"
checksum = "88c3d9193984285d544df4a30c23a4e62ead42edf70a4452ceb76dac1ce05c26"
dependencies = [
 "aho-corasick",
 "memchr",
 "regex-syntax",
 "thread_local",
]

[[package]]
name = "regex-syntax"
version = "0.6.11"
source = "registry+https://github.com/rust-lang/crates.io-index"
checksum = "b143cceb2ca5e56d5671988ef8b15615733e7ee16cd348e064333b251b89343f"

[[package]]
name = "rlp"
version = "0.4.2"
source = "git+https://github.com/enigmampc/parity-common.git?rev=0.7.0-sgx-1.1.0#fedb665854fd30ca6852cef2345d116adcc5d810"
dependencies = [
 "rustc-hex 2.0.1 (registry+https://github.com/rust-lang/crates.io-index)",
]

[[package]]
name = "rustc-demangle"
version = "0.1.16"
source = "registry+https://github.com/rust-lang/crates.io-index"
checksum = "4c691c0e608126e00913e33f0ccf3727d5fc84573623b8d65b2df340b5201783"

[[package]]
name = "rustc-hex"
version = "2.0.1"
source = "git+https://github.com/enigmampc/rustc-hex.git?rev=2.0.1-sgx-1.1.0#a68efff94034ac16aca62fe8a954a238da90f9c7"
dependencies = [
 "sgx_tstd",
]

[[package]]
name = "rustc-hex"
version = "2.0.1"
source = "registry+https://github.com/rust-lang/crates.io-index"
checksum = "403bb3a286107a04825a5f82e1270acc1e14028d3d554d7a1e08914549575ab8"

[[package]]
name = "ryu"
version = "1.0.2"
source = "registry+https://github.com/rust-lang/crates.io-index"
checksum = "bfa8506c1de11c9c4e4c38863ccbe02a305c8188e85a05a784c9e11e1c3910c8"

[[package]]
name = "serde"
version = "1.0.99"
source = "registry+https://github.com/rust-lang/crates.io-index"
checksum = "fec2851eb56d010dc9a21b89ca53ee75e6528bab60c11e89d38390904982da9f"
dependencies = [
 "serde_derive 1.0.99",
]

[[package]]
name = "serde"
version = "1.0.104"
source = "git+https://github.com/mesalock-linux/serde-sgx.git?rev=sgx_1.1.0#c945ac9aeb23dc799070f3afaf590a6c3ac2c1a2"
dependencies = [
 "serde_derive 1.0.104",
 "sgx_tstd",
]

[[package]]
name = "serde_derive"
version = "1.0.99"
source = "registry+https://github.com/rust-lang/crates.io-index"
checksum = "cb4dc18c61206b08dc98216c98faa0232f4337e1e1b8574551d5bad29ea1b425"
dependencies = [
 "proc-macro2 1.0.2",
 "quote 1.0.2",
 "syn 1.0.5",
]

[[package]]
name = "serde_derive"
version = "1.0.104"
source = "git+https://github.com/mesalock-linux/serde-sgx.git?rev=sgx_1.1.0#c945ac9aeb23dc799070f3afaf590a6c3ac2c1a2"
dependencies = [
 "proc-macro2 1.0.2",
 "quote 1.0.2",
 "syn 1.0.5",
]

[[package]]
name = "serde_json"
version = "1.0.40"
source = "git+https://github.com/enigmampc/serde-json-sgx.git?rev=1.0.40-sgx-1.1.0#b2a6ef8d2300113402aa260fa16c5490538ee011"
dependencies = [
 "itoa",
 "ryu",
 "serde 1.0.104",
 "sgx_tstd",
]

[[package]]
name = "sgx_alloc"
version = "1.1.0"
source = "git+https://github.com/apache/teaclave-sgx-sdk.git?rev=v1.1.0#93c76de88befbfc1f483ce8336c7ee1f0c7f7563"

[[package]]
name = "sgx_backtrace_sys"
version = "1.1.0"
source = "git+https://github.com/apache/teaclave-sgx-sdk.git?rev=v1.1.0#93c76de88befbfc1f483ce8336c7ee1f0c7f7563"
dependencies = [
 "cc",
 "sgx_build_helper",
 "sgx_libc",
]

[[package]]
name = "sgx_build_helper"
version = "0.1.0"
source = "git+https://github.com/apache/teaclave-sgx-sdk.git?rev=v1.1.0#93c76de88befbfc1f483ce8336c7ee1f0c7f7563"

[[package]]
name = "sgx_demangle"
version = "1.1.0"
source = "git+https://github.com/apache/teaclave-sgx-sdk.git?rev=v1.1.0#93c76de88befbfc1f483ce8336c7ee1f0c7f7563"

[[package]]
name = "sgx_libc"
version = "1.1.0"
source = "git+https://github.com/apache/teaclave-sgx-sdk.git?rev=v1.1.0#93c76de88befbfc1f483ce8336c7ee1f0c7f7563"
dependencies = [
 "sgx_types",
]

[[package]]
name = "sgx_tcrypto"
version = "1.1.0"
source = "git+https://github.com/apache/teaclave-sgx-sdk.git?rev=v1.1.0#93c76de88befbfc1f483ce8336c7ee1f0c7f7563"
dependencies = [
 "sgx_types",
]

[[package]]
name = "sgx_tprotected_fs"
version = "1.1.0"
source = "git+https://github.com/apache/teaclave-sgx-sdk.git?rev=v1.1.0#93c76de88befbfc1f483ce8336c7ee1f0c7f7563"
dependencies = [
 "sgx_trts",
 "sgx_types",
]

[[package]]
name = "sgx_trts"
version = "1.1.0"
source = "git+https://github.com/apache/teaclave-sgx-sdk.git?rev=v1.1.0#93c76de88befbfc1f483ce8336c7ee1f0c7f7563"
dependencies = [
 "sgx_libc",
 "sgx_types",
]

[[package]]
name = "sgx_tse"
version = "1.1.0"
source = "git+https://github.com/apache/teaclave-sgx-sdk.git?rev=v1.1.0#93c76de88befbfc1f483ce8336c7ee1f0c7f7563"
dependencies = [
 "sgx_types",
]

[[package]]
name = "sgx_tseal"
version = "1.1.0"
source = "git+https://github.com/apache/teaclave-sgx-sdk.git?rev=v1.1.0#93c76de88befbfc1f483ce8336c7ee1f0c7f7563"
dependencies = [
 "sgx_tcrypto",
 "sgx_trts",
 "sgx_tse",
 "sgx_types",
]

[[package]]
name = "sgx_tstd"
version = "1.1.0"
source = "git+https://github.com/apache/teaclave-sgx-sdk.git?rev=v1.1.0#93c76de88befbfc1f483ce8336c7ee1f0c7f7563"
dependencies = [
 "sgx_alloc",
 "sgx_backtrace_sys",
 "sgx_demangle",
 "sgx_libc",
 "sgx_tprotected_fs",
 "sgx_trts",
 "sgx_tseal",
 "sgx_types",
 "sgx_unwind",
]

[[package]]
name = "sgx_types"
version = "1.1.0"
source = "git+https://github.com/apache/teaclave-sgx-sdk.git?rev=v1.1.0#93c76de88befbfc1f483ce8336c7ee1f0c7f7563"

[[package]]
name = "sgx_unwind"
version = "0.1.0"
source = "git+https://github.com/apache/teaclave-sgx-sdk.git?rev=v1.1.0#93c76de88befbfc1f483ce8336c7ee1f0c7f7563"
dependencies = [
 "sgx_build_helper",
]

[[package]]
name = "static_assertions"
version = "0.2.5"
source = "registry+https://github.com/rust-lang/crates.io-index"
checksum = "c19be23126415861cb3a23e501d34a708f7f9b2183c5252d690941c2e69199d5"

[[package]]
name = "strsim"
version = "0.9.2"
source = "registry+https://github.com/rust-lang/crates.io-index"
checksum = "032c03039aae92b350aad2e3779c352e104d919cb192ba2fabbd7b831ce4f0f6"

[[package]]
name = "syn"
version = "0.15.44"
source = "registry+https://github.com/rust-lang/crates.io-index"
checksum = "9ca4b3b69a77cbe1ffc9e198781b7acb0c7365a883670e8f1c1bc66fba79a5c5"
dependencies = [
 "proc-macro2 0.4.30",
 "quote 0.6.13",
 "unicode-xid 0.1.0",
]

[[package]]
name = "syn"
version = "1.0.5"
source = "registry+https://github.com/rust-lang/crates.io-index"
checksum = "66850e97125af79138385e9b88339cbcd037e3f28ceab8c5ad98e64f0f1f80bf"
dependencies = [
 "proc-macro2 1.0.2",
 "quote 1.0.2",
 "unicode-xid 0.2.0",
]

[[package]]
name = "thread_local"
version = "0.3.6"
source = "registry+https://github.com/rust-lang/crates.io-index"
checksum = "c6b53e329000edc2b34dbe8545fd20e55a333362d0a321909685a19bd28c3f1b"
dependencies = [
 "lazy_static",
]

[[package]]
name = "tiny-keccak"
version = "1.5.0"
source = "registry+https://github.com/rust-lang/crates.io-index"
checksum = "1d8a021c69bb74a44ccedb824a046447e2c84a01df9e5c20779750acb38e11b2"
dependencies = [
 "crunchy",
]

[[package]]
name = "uint"
version = "0.8.1"
source = "git+https://github.com/enigmampc/parity-common.git?rev=0.7.0-sgx-1.1.0#fedb665854fd30ca6852cef2345d116adcc5d810"
dependencies = [
 "byteorder",
 "crunchy",
 "rustc-hex 2.0.1 (registry+https://github.com/rust-lang/crates.io-index)",
]

[[package]]
name = "unicode-segmentation"
version = "1.3.0"
source = "registry+https://github.com/rust-lang/crates.io-index"
checksum = "1967f4cdfc355b37fd76d2a954fb2ed3871034eb4f26d60537d88795cfc332a9"

[[package]]
name = "unicode-xid"
version = "0.1.0"
source = "registry+https://github.com/rust-lang/crates.io-index"
checksum = "fc72304796d0818e357ead4e000d19c9c174ab23dc11093ac919054d20a6a7fc"

[[package]]
name = "unicode-xid"
version = "0.2.0"
source = "registry+https://github.com/rust-lang/crates.io-index"
checksum = "826e7639553986605ec5979c7dd957c7895e93eabed50ab2ffa7f6128a75097c"

[[package]]
name = "version_check"
version = "0.1.5"
source = "registry+https://github.com/rust-lang/crates.io-index"
checksum = "914b1a6776c4c929a602fafd8bc742e06365d4bcbe48c30f9cca5824f70dc9dd"
